{
  "lockfileVersion": 1,
  "configVersion": 1,
  "workspaces": {
    "": {
      "name": "@frixaco/anitrack",
      "dependencies": {
        "@frixaco/letui": "0.3.5",
      },
      "devDependencies": {
        "@types/bun": "1.3.12",
      },
    },
  },
  "packages": {
    "@frixaco/letui": ["@frixaco/letui@0.3.5", "", { "optionalDependencies": { "@frixaco/letui-darwin-arm64": "0.3.5", "@frixaco/letui-linux-x64": "0.3.5", "@frixaco/letui-win32-x64": "0.3.5" }, "peerDependencies": { "typescript": "^5.9.3" } }, "sha512-jgE7mYkcg46QDQEnv6wuVG+94SAHp8NoVOVkveAP0/ShkhjC7EtwCsgJXYS+p73UbXDzxGnc2J+zihOYcTvrRg=="],

    "@frixaco/letui-darwin-arm64": ["@frixaco/letui-darwin-arm64@0.3.5", "", { "os": "darwin", "cpu": "arm64" }, "sha512-SOIEaIh6A6Q1re1M7kWvO4YjOcbNOTnGzWbUC6D6LAvzcRqWjDqa/ArK3mSsxKaSZe0FurqF75vnuuV4pm28nQ=="],

    "@frixaco/letui-linux-x64": ["@frixaco/letui-linux-x64@0.3.5", "", { "os": "linux", "cpu": "x64" }, "sha512-eLmEwst2SYPc8rGl1bMIMonnW9va/2Ii6jHwGr4vnnGTY2baY0D3/BHYVzy5YhXeXIMc2H8Qu4lVwFQ79ADbzw=="],

    "@frixaco/letui-win32-x64": ["@frixaco/letui-win32-x64@0.3.5", "", { "os": "win32", "cpu": "x64" }, "sha512-Zzy4zx4Vf+Fy1C/FY73z9o8au/pyU2VeahSgzE9JQfI+N2NAK8HBZkwOHo1lW2SQyNzIwxa7F75N4Um28M87EQ=="],

    "@types/bun": ["@types/bun@1.3.12", "", { "dependencies": { "bun-types": "1.3.12" } }, "sha512-DBv81elK+/VSwXHDlnH3Qduw+KxkTIWi7TXkAeh24zpi5l0B2kUg9Ga3tb4nJaPcOFswflgi/yAvMVBPrxMB+A=="],

    "@types/node": ["@types/node@25.2.3", "", { "dependencies": { "undici-types": "~7.16.0" } }, "sha512-m0jEgYlYz+mDJZ2+F4v8D1AyQb+QzsNqRuI7xg1VQX/KlKS0qT9r1Mo16yo5F/MtifXFgaofIFsdFMox2SxIbQ=="],

    "bun-types": ["bun-types@1.3.12", "", { "dependencies": { "@types/node": "*" } }, "sha512-HqOLj5PoFajAQciOMRiIZGNoKxDJSr6qigAttOX40vJuSp6DN/CxWp9s3C1Xwm4oH7ybueITwiaOcWXoYVoRkA=="],

    "typescript": ["typescript@5.9.3", "", { "bin": { "tsc": "bin/tsc", "tsserver": "bin/tsserver" } }, "sha512-jl1vZzPDinLr9eUt3J/t7V6FgNEw9QjvBPdysz9KfQDD41fQrC2Y4vKQdiaUpFT4bXlb1RHhLpp8wtm6M5TgSw=="],

    "undici-types": ["undici-types@7.16.0", "", {}, "sha512-Zz+aZWSj8LE6zoxD+xrjh4VfkIG8Ya6LvYkZqtUQGJPZjYl53ypCaUwWqo7eI0x66KBGeRo+mlBEkMSeSZ38Nw=="],
  }
}
